
Microsoft Visual Studio Solution File, Format Version 12.00
# Visual Studio Version 17
VisualStudioVersion = 17.3.32901.215
MinimumVisualStudioVersion = 10.0.40219.1
Project("{FAE04EC0-301F-11D3-BF4B-00C04F79EFBC}") = "Internprosjekt_docker_containerisering2", "Internprosjekt_docker_containerisering2\Internprosjekt_docker_containerisering2.csproj", "{A4494DD6-E7C5-4F72-8E76-3D7EEE15FECF}"
EndProject
Global
	GlobalSection(SolutionConfigurationPlatforms) = preSolution
		Debug|Any CPU = Debug|Any CPU
		Release|Any CPU = Release|Any CPU
	EndGlobalSection
	GlobalSection(ProjectConfigurationPlatforms) = postSolution
		{A4494DD6-E7C5-4F72-8E76-3D7EEE15FECF}.Debug|Any CPU.ActiveCfg = Debug|Any CPU
		{A4494DD6-E7C5-4F72-8E76-3D7EEE15FECF}.Debug|Any CPU.Build.0 = Debug|Any CPU
		{A4494DD6-E7C5-4F72-8E76-3D7EEE15FECF}.Release|Any CPU.ActiveCfg = Release|Any CPU
		{A4494DD6-E7C5-4F72-8E76-3D7EEE15FECF}.Release|Any CPU.Build.0 = Release|Any CPU
	EndGlobalSection
	GlobalSection(SolutionProperties) = preSolution
		HideSolutionNode = FALSE
	EndGlobalSection
	GlobalSection(ExtensibilityGlobals) = postSolution
		SolutionGuid = {79F20CCF-5D6A-4A44-8EBF-D7651399E980}
	EndGlobalSection
EndGlobal
